
Microsoft Visual Studio Solution File, Format Version 12.00
# Visual Studio Version 17
VisualStudioVersion = 17.9.34701.34
MinimumVisualStudioVersion = 10.0.40219.1
Project("{FAE04EC0-301F-11D3-BF4B-00C04F79EFBC}") = "vehiculos", "vehiculos\vehiculos.csproj", "{5EDD1AA9-F7DA-4439-B4AB-A2C25298B5F1}"
EndProject
Project("{FAE04EC0-301F-11D3-BF4B-00C04F79EFBC}") = "biblioteca_Vehiculos", "biblioteca_Vehiculos\biblioteca_Vehiculos.csproj", "{3F824DDB-FA80-4029-A684-86B4E0BD0E5A}"
EndProject
Global
	GlobalSection(SolutionConfigurationPlatforms) = preSolution
		Debug|Any CPU = Debug|Any CPU
		Release|Any CPU = Release|Any CPU
	EndGlobalSection
	GlobalSection(ProjectConfigurationPlatforms) = postSolution
		{5EDD1AA9-F7DA-4439-B4AB-A2C25298B5F1}.Debug|Any CPU.ActiveCfg = Debug|Any CPU
		{5EDD1AA9-F7DA-4439-B4AB-A2C25298B5F1}.Debug|Any CPU.Build.0 = Debug|Any CPU
		{5EDD1AA9-F7DA-4439-B4AB-A2C25298B5F1}.Release|Any CPU.ActiveCfg = Release|Any CPU
		{5EDD1AA9-F7DA-4439-B4AB-A2C25298B5F1}.Release|Any CPU.Build.0 = Release|Any CPU
		{3F824DDB-FA80-4029-A684-86B4E0BD0E5A}.Debug|Any CPU.ActiveCfg = Debug|Any CPU
		{3F824DDB-FA80-4029-A684-86B4E0BD0E5A}.Debug|Any CPU.Build.0 = Debug|Any CPU
		{3F824DDB-FA80-4029-A684-86B4E0BD0E5A}.Release|Any CPU.ActiveCfg = Release|Any CPU
		{3F824DDB-FA80-4029-A684-86B4E0BD0E5A}.Release|Any CPU.Build.0 = Release|Any CPU
	EndGlobalSection
	GlobalSection(SolutionProperties) = preSolution
		HideSolutionNode = FALSE
	EndGlobalSection
	GlobalSection(ExtensibilityGlobals) = postSolution
		SolutionGuid = {3DD18B29-5D40-44FE-A9C5-16F70622C52F}
	EndGlobalSection
EndGlobal
