
Microsoft Visual Studio Solution File, Format Version 12.00
# Visual Studio Version 17
VisualStudioVersion = 17.9.34701.34
MinimumVisualStudioVersion = 10.0.40219.1
Project("{FAE04EC0-301F-11D3-BF4B-00C04F79EFBC}") = "PVP", "PVP\PVP.csproj", "{D1989305-7191-4F59-A374-F0FCFE4F4B2C}"
EndProject
Project("{FAE04EC0-301F-11D3-BF4B-00C04F79EFBC}") = "Libreria_Personaje", "Personaje\Libreria_Personaje.csproj", "{BDBF42D1-7B69-4B6A-9F08-86D4D9236632}"
EndProject
Global
	GlobalSection(SolutionConfigurationPlatforms) = preSolution
		Debug|Any CPU = Debug|Any CPU
		Release|Any CPU = Release|Any CPU
	EndGlobalSection
	GlobalSection(ProjectConfigurationPlatforms) = postSolution
		{D1989305-7191-4F59-A374-F0FCFE4F4B2C}.Debug|Any CPU.ActiveCfg = Debug|Any CPU
		{D1989305-7191-4F59-A374-F0FCFE4F4B2C}.Debug|Any CPU.Build.0 = Debug|Any CPU
		{D1989305-7191-4F59-A374-F0FCFE4F4B2C}.Release|Any CPU.ActiveCfg = Release|Any CPU
		{D1989305-7191-4F59-A374-F0FCFE4F4B2C}.Release|Any CPU.Build.0 = Release|Any CPU
		{BDBF42D1-7B69-4B6A-9F08-86D4D9236632}.Debug|Any CPU.ActiveCfg = Debug|Any CPU
		{BDBF42D1-7B69-4B6A-9F08-86D4D9236632}.Debug|Any CPU.Build.0 = Debug|Any CPU
		{BDBF42D1-7B69-4B6A-9F08-86D4D9236632}.Release|Any CPU.ActiveCfg = Release|Any CPU
		{BDBF42D1-7B69-4B6A-9F08-86D4D9236632}.Release|Any CPU.Build.0 = Release|Any CPU
	EndGlobalSection
	GlobalSection(SolutionProperties) = preSolution
		HideSolutionNode = FALSE
	EndGlobalSection
	GlobalSection(ExtensibilityGlobals) = postSolution
		SolutionGuid = {537FA566-F01E-446A-B1C2-E2F2578C0898}
	EndGlobalSection
EndGlobal
